PODS:
  - Realm (10.25.2):
    - Realm/Headers (= 10.25.2)
  - Realm/Headers (10.25.2)
  - RealmSwift (10.25.2):
    - Realm (= 10.25.2)
  - SDWebImage (5.12.5):
    - SDWebImage/Core (= 5.12.5)
  - SDWebImage/Core (5.12.5)

DEPENDENCIES:
  - RealmSwift
  - SDWebImage

SPEC REPOS:
  trunk:
    - Realm
    - RealmSwift
    - SDWebImage

SPEC CHECKSUMS:
  Realm: 978303663d0509166498f423d112e5ee97d4c91b
  RealmSwift: a0c30c1efc49e928a0a6f8fb141bb2629616d79b
  SDWebImage: 0905f1b7760fc8ac4198cae0036600d67478751e

PODFILE CHECKSUM: 6ffd79eb2ded3b194473580711797840fc18e02e

COCOAPODS: 1.11.3
